// !$*UTF8*$!
{
	archiveVersion = 1;
	classes = {
	};
	objectVersion = 56;
	objects = {

/* Begin PBXBuildFile section */
		1BE90F6A29176889007543EB /* Controller_RemoteApp.swift in Sources */ = {isa = PBXBuildFile; fileRef = 1BE90F6929176889007543EB /* Controller_RemoteApp.swift */; };
		1BE90F6C29176889007543EB /* ContentView.swift in Sources */ = {isa = PBXBuildFile; fileRef = 1BE90F6B29176889007543EB /* ContentView.swift */; };
		1BE90F6E2917688B007543EB /* Assets.xcassets in Resources */ = {isa = PBXBuildFile; fileRef = 1BE90F6D2917688B007543EB /* Assets.xcassets */; };
		1BE90F712917688B007543EB /* Preview Assets.xcassets in Resources */ = {isa = PBXBuildFile; fileRef = 1BE90F702917688B007543EB /* Preview Assets.xcassets */; };
		1BE90F7A29176D89007543EB /* InputController.swift in Sources */ = {isa = PBXBuildFile; fileRef = 1BE90F7929176D89007543EB /* InputController.swift */; };
		1BE90F7C29177097007543EB /* CursorController.swift in Sources */ = {isa = PBXBuildFile; fileRef = 1BE90F7B29177097007543EB /* CursorController.swift */; };
		1BE90F7E2917974B007543EB /* UserDefaults.swift in Sources */ = {isa = PBXBuildFile; fileRef = 1BE90F7D2917974B007543EB /* UserDefaults.swift */; };
		1BE90F8029181D3A007543EB /* DpadStepPreset.swift in Sources */ = {isa = PBXBuildFile; fileRef = 1BE90F7F29181D3A007543EB /* DpadStepPreset.swift */; };
		1BE90F822918218A007543EB /* SettingsView.swift in Sources */ = {isa = PBXBuildFile; fileRef = 1BE90F812918218A007543EB /* SettingsView.swift */; };
/* End PBXBuildFile section */

/* Begin PBXFileReference section */
		1BE90F6629176889007543EB /* Controller Remote.app */ = {isa = PBXFileReference; explicitFileType = wrapper.application; includeInIndex = 0; path = "Controller Remote.app"; sourceTree = BUILT_PRODUCTS_DIR; };
		1BE90F6929176889007543EB /* Controller_RemoteApp.swift */ = {isa = PBXFileReference; lastKnownFileType = sourcecode.swift; path = Controller_RemoteApp.swift; sourceTree = "<group>"; };
		1BE90F6B29176889007543EB /* ContentView.swift */ = {isa = PBXFileReference; lastKnownFileType = sourcecode.swift; path = ContentView.swift; sourceTree = "<group>"; };
		1BE90F6D2917688B007543EB /* Assets.xcassets */ = {isa = PBXFileReference; lastKnownFileType = folder.assetcatalog; path = Assets.xcassets; sourceTree = "<group>"; };
		1BE90F702917688B007543EB /* Preview Assets.xcassets */ = {isa = PBXFileReference; lastKnownFileType = folder.assetcatalog; path = "Preview Assets.xcassets"; sourceTree = "<group>"; };
		1BE90F722917688B007543EB /* Controller_Remote.entitlements */ = {isa = PBXFileReference; lastKnownFileType = text.plist.entitlements; path = Controller_Remote.entitlements; sourceTree = "<group>"; };
		1BE90F7829176C83007543EB /* Controller-Remote-Info.plist */ = {isa = PBXFileReference; lastKnownFileType = text.plist; path = "Controller-Remote-Info.plist"; sourceTree = SOURCE_ROOT; };
		1BE90F7929176D89007543EB /* InputController.swift */ = {isa = PBXFileReference; lastKnownFileType = sourcecode.swift; path = InputController.swift; sourceTree = "<group>"; };
		1BE90F7B29177097007543EB /* CursorController.swift */ = {isa = PBXFileReference; lastKnownFileType = sourcecode.swift; path = CursorController.swift; sourceTree = "<group>"; };
		1BE90F7D2917974B007543EB /* UserDefaults.swift */ = {isa = PBXFileReference; lastKnownFileType = sourcecode.swift; path = UserDefaults.swift; sourceTree = "<group>"; };
		1BE90F7F29181D3A007543EB /* DpadStepPreset.swift */ = {isa = PBXFileReference; lastKnownFileType = sourcecode.swift; path = DpadStepPreset.swift; sourceTree = "<group>"; };
		1BE90F812918218A007543EB /* SettingsView.swift */ = {isa = PBXFileReference; lastKnownFileType = sourcecode.swift; path = SettingsView.swift; sourceTree = "<group>"; };
/* End PBXFileReference section */

/* Begin PBXFrameworksBuildPhase section */
		1BE90F6329176889007543EB /* Frameworks */ = {
			isa = PBXFrameworksBuildPhase;
			buildActionMask = 2147483647;
			files = (
			);
			runOnlyForDeploymentPostprocessing = 0;
		};
/* End PBXFrameworksBuildPhase section */

/* Begin PBXGroup section */
		1BE90F5D29176889007543EB = {
			isa = PBXGroup;
			children = (
				1BE90F6829176889007543EB /* Controller Remote */,
				1BE90F6729176889007543EB /* Products */,
			);
			sourceTree = "<group>";
		};
		1BE90F6729176889007543EB /* Products */ = {
			isa = PBXGroup;
			children = (
				1BE90F6629176889007543EB /* Controller Remote.app */,
			);
			name = Products;
			sourceTree = "<group>";
		};
		1BE90F6829176889007543EB /* Controller Remote */ = {
			isa = PBXGroup;
			children = (
				1BE90F7829176C83007543EB /* Controller-Remote-Info.plist */,
				1BE90F6929176889007543EB /* Controller_RemoteApp.swift */,
				1BE90F6B29176889007543EB /* ContentView.swift */,
				1BE90F812918218A007543EB /* SettingsView.swift */,
				1BE90F7929176D89007543EB /* InputController.swift */,
				1BE90F7B29177097007543EB /* CursorController.swift */,
				1BE90F7F29181D3A007543EB /* DpadStepPreset.swift */,
				1BE90F7D2917974B007543EB /* UserDefaults.swift */,
				1BE90F6D2917688B007543EB /* Assets.xcassets */,
				1BE90F722917688B007543EB /* Controller_Remote.entitlements */,
				1BE90F6F2917688B007543EB /* Preview Content */,
			);
			path = "Controller Remote";
			sourceTree = "<group>";
		};
		1BE90F6F2917688B007543EB /* Preview Content */ = {
			isa = PBXGroup;
			children = (
				1BE90F702917688B007543EB /* Preview Assets.xcassets */,
			);
			path = "Preview Content";
			sourceTree = "<group>";
		};
/* End PBXGroup section */

/* Begin PBXNativeTarget section */
		1BE90F6529176889007543EB /* Controller Remote */ = {
			isa = PBXNativeTarget;
			buildConfigurationList = 1BE90F752917688B007543EB /* Build configuration list for PBXNativeTarget "Controller Remote" */;
			buildPhases = (
				1BE90F6229176889007543EB /* Sources */,
				1BE90F6329176889007543EB /* Frameworks */,
				1BE90F6429176889007543EB /* Resources */,
			);
			buildRules = (
			);
			dependencies = (
			);
			name = "Controller Remote";
			productName = "Controller Remote";
			productReference = 1BE90F6629176889007543EB /* Controller Remote.app */;
			productType = "com.apple.product-type.application";
		};
/* End PBXNativeTarget section */

/* Begin PBXProject section */
		1BE90F5E29176889007543EB /* Project object */ = {
			isa = PBXProject;
			attributes = {
				BuildIndependentTargetsInParallel = 1;
				LastSwiftUpdateCheck = 1410;
				LastUpgradeCheck = 1410;
				TargetAttributes = {
					1BE90F6529176889007543EB = {
						CreatedOnToolsVersion = 14.1;
					};
				};
			};
			buildConfigurationList = 1BE90F6129176889007543EB /* Build configuration list for PBXProject "Controller Remote" */;
			compatibilityVersion = "Xcode 14.0";
			developmentRegion = en;
			hasScannedForEncodings = 0;
			knownRegions = (
				en,
				Base,
			);
			mainGroup = 1BE90F5D29176889007543EB;
			productRefGroup = 1BE90F6729176889007543EB /* Products */;
			projectDirPath = "";
			projectRoot = "";
			targets = (
				1BE90F6529176889007543EB /* Controller Remote */,
			);
		};
/* End PBXProject section */

/* Begin PBXResourcesBuildPhase section */
		1BE90F6429176889007543EB /* Resources */ = {
			isa = PBXResourcesBuildPhase;
			buildActionMask = 2147483647;
			files = (
				1BE90F712917688B007543EB /* Preview Assets.xcassets in Resources */,
				1BE90F6E2917688B007543EB /* Assets.xcassets in Resources */,
			);
			runOnlyForDeploymentPostprocessing = 0;
		};
/* End PBXResourcesBuildPhase section */

/* Begin PBXSourcesBuildPhase section */
		1BE90F6229176889007543EB /* Sources */ = {
			isa = PBXSourcesBuildPhase;
			buildActionMask = 2147483647;
			files = (
				1BE90F822918218A007543EB /* SettingsView.swift in Sources */,
				1BE90F7A29176D89007543EB /* InputController.swift in Sources */,
				1BE90F7E2917974B007543EB /* UserDefaults.swift in Sources */,
				1BE90F6C29176889007543EB /* ContentView.swift in Sources */,
				1BE90F8029181D3A007543EB /* DpadStepPreset.swift in Sources */,
				1BE90F6A29176889007543EB /* Controller_RemoteApp.swift in Sources */,
				1BE90F7C29177097007543EB /* CursorController.swift in Sources */,
			);
			runOnlyForDeploymentPostprocessing = 0;
		};
/* End PBXSourcesBuildPhase section */

/* Begin XCBuildConfiguration section */
		1BE90F732917688B007543EB /* Debug */ = {
			isa = XCBuildConfiguration;
			buildSettings = {
				ALWAYS_SEARCH_USER_PATHS = NO;
				CLANG_ANALYZER_NONNULL = YES;
				CLANG_ANALYZER_NUMBER_OBJECT_CONVERSION = YES_AGGRESSIVE;
				CLANG_CXX_LANGUAGE_STANDARD = "gnu++20";
				CLANG_ENABLE_MODULES = YES;
				CLANG_ENABLE_OBJC_ARC = YES;
				CLANG_ENABLE_OBJC_WEAK = YES;
				CLANG_WARN_BLOCK_CAPTURE_AUTORELEASING = YES;
				CLANG_WARN_BOOL_CONVERSION = YES;
				CLANG_WARN_COMMA = YES;
				CLANG_WARN_CONSTANT_CONVERSION = YES;
				CLANG_WARN_DEPRECATED_OBJC_IMPLEMENTATIONS = YES;
				CLANG_WARN_DIRECT_OBJC_ISA_USAGE = YES_ERROR;
				CLANG_WARN_DOCUMENTATION_COMMENTS = YES;
				CLANG_WARN_EMPTY_BODY = YES;
				CLANG_WARN_ENUM_CONVERSION = YES;
				CLANG_WARN_INFINITE_RECURSION = YES;
				CLANG_WARN_INT_CONVERSION = YES;
				CLANG_WARN_NON_LITERAL_NULL_CONVERSION = YES;
				CLANG_WARN_OBJC_IMPLICIT_RETAIN_SELF = YES;
				CLANG_WARN_OBJC_LITERAL_CONVERSION = YES;
				CLANG_WARN_OBJC_ROOT_CLASS = YES_ERROR;
				CLANG_WARN_QUOTED_INCLUDE_IN_FRAMEWORK_HEADER = YES;
				CLANG_WARN_RANGE_LOOP_ANALYSIS = YES;
				CLANG_WARN_STRICT_PROTOTYPES = YES;
				CLANG_WARN_SUSPICIOUS_MOVE = YES;
				CLANG_WARN_UNGUARDED_AVAILABILITY = YES_AGGRESSIVE;
				CLANG_WARN_UNREACHABLE_CODE = YES;
				CLANG_WARN__DUPLICATE_METHOD_MATCH = YES;
				COPY_PHASE_STRIP = NO;
				DEBUG_INFORMATION_FORMAT = dwarf;
				ENABLE_STRICT_OBJC_MSGSEND = YES;
				ENABLE_TESTABILITY = YES;
				GCC_C_LANGUAGE_STANDARD = gnu11;
				GCC_DYNAMIC_NO_PIC = NO;
				GCC_NO_COMMON_BLOCKS = YES;
				GCC_OPTIMIZATION_LEVEL = 0;
				GCC_PREPROCESSOR_DEFINITIONS = (
					"DEBUG=1",
					"$(inherited)",
				);
				GCC_WARN_64_TO_32_BIT_CONVERSION = YES;
				GCC_WARN_ABOUT_RETURN_TYPE = YES_ERROR;
				GCC_WARN_UNDECLARED_SELECTOR = YES;
				GCC_WARN_UNINITIALIZED_AUTOS = YES_AGGRESSIVE;
				GCC_WARN_UNUSED_FUNCTION = YES;
				GCC_WARN_UNUSED_VARIABLE = YES;
				MACOSX_DEPLOYMENT_TARGET = 13.0;
				MTL_ENABLE_DEBUG_INFO = INCLUDE_SOURCE;
				MTL_FAST_MATH = YES;
				ONLY_ACTIVE_ARCH = YES;
				SDKROOT = macosx;
				SWIFT_ACTIVE_COMPILATION_CONDITIONS = DEBUG;
				SWIFT_OPTIMIZATION_LEVEL = "-Onone";
			};
			name = Debug;
		};
		1BE90F742917688B007543EB /* Release */ = {
			isa = XCBuildConfiguration;
			buildSettings = {
				ALWAYS_SEARCH_USER_PATHS = NO;
				CLANG_ANALYZER_NONNULL = YES;
				CLANG_ANALYZER_NUMBER_OBJECT_CONVERSION = YES_AGGRESSIVE;
				CLANG_CXX_LANGUAGE_STANDARD = "gnu++20";
				CLANG_ENABLE_MODULES = YES;
				CLANG_ENABLE_OBJC_ARC = YES;
				CLANG_ENABLE_OBJC_WEAK = YES;
				CLANG_WARN_BLOCK_CAPTURE_AUTORELEASING = YES;
				CLANG_WARN_BOOL_CONVERSION = YES;
				CLANG_WARN_COMMA = YES;
				CLANG_WARN_CONSTANT_CONVERSION = YES;
				CLANG_WARN_DEPRECATED_OBJC_IMPLEMENTATIONS = YES;
				CLANG_WARN_DIRECT_OBJC_ISA_USAGE = YES_ERROR;
				CLANG_WARN_DOCUMENTATION_COMMENTS = YES;
				CLANG_WARN_EMPTY_BODY = YES;
				CLANG_WARN_ENUM_CONVERSION = YES;
				CLANG_WARN_INFINITE_RECURSION = YES;
				CLANG_WARN_INT_CONVERSION = YES;
				CLANG_WARN_NON_LITERAL_NULL_CONVERSION = YES;
				CLANG_WARN_OBJC_IMPLICIT_RETAIN_SELF = YES;
				CLANG_WARN_OBJC_LITERAL_CONVERSION = YES;
				CLANG_WARN_OBJC_ROOT_CLASS = YES_ERROR;
				CLANG_WARN_QUOTED_INCLUDE_IN_FRAMEWORK_HEADER = YES;
				CLANG_WARN_RANGE_LOOP_ANALYSIS = YES;
				CLANG_WARN_STRICT_PROTOTYPES = YES;
				CLANG_WARN_SUSPICIOUS_MOVE = YES;
				CLANG_WARN_UNGUARDED_AVAILABILITY = YES_AGGRESSIVE;
				CLANG_WARN_UNREACHABLE_CODE = YES;
				CLANG_WARN__DUPLICATE_METHOD_MATCH = YES;
				COPY_PHASE_STRIP = NO;
				DEBUG_INFORMATION_FORMAT = "dwarf-with-dsym";
				ENABLE_NS_ASSERTIONS = NO;
				ENABLE_STRICT_OBJC_MSGSEND = YES;
				GCC_C_LANGUAGE_STANDARD = gnu11;
				GCC_NO_COMMON_BLOCKS = YES;
				GCC_WARN_64_TO_32_BIT_CONVERSION = YES;
				GCC_WARN_ABOUT_RETURN_TYPE = YES_ERROR;
				GCC_WARN_UNDECLARED_SELECTOR = YES;
				GCC_WARN_UNINITIALIZED_AUTOS = YES_AGGRESSIVE;
				GCC_WARN_UNUSED_FUNCTION = YES;
				GCC_WARN_UNUSED_VARIABLE = YES;
				MACOSX_DEPLOYMENT_TARGET = 13.0;
				MTL_ENABLE_DEBUG_INFO = NO;
				MTL_FAST_MATH = YES;
				SDKROOT = macosx;
				SWIFT_COMPILATION_MODE = wholemodule;
				SWIFT_OPTIMIZATION_LEVEL = "-O";
			};
			name = Release;
		};
		1BE90F762917688B007543EB /* Debug */ = {
			isa = XCBuildConfiguration;
			buildSettings = {
				ASSETCATALOG_COMPILER_APPICON_NAME = AppIcon;
				ASSETCATALOG_COMPILER_GLOBAL_ACCENT_COLOR_NAME = AccentColor;
				CODE_SIGN_ENTITLEMENTS = "Controller Remote/Controller_Remote.entitlements";
				CODE_SIGN_STYLE = Automatic;
				COMBINE_HIDPI_IMAGES = YES;
				CURRENT_PROJECT_VERSION = 1;
				DEVELOPMENT_ASSET_PATHS = "\"Controller Remote/Preview Content\"";
				DEVELOPMENT_TEAM = VA3SY54YU8;
				ENABLE_HARDENED_RUNTIME = YES;
				ENABLE_PREVIEWS = YES;
				GENERATE_INFOPLIST_FILE = YES;
				INFOPLIST_FILE = "Controller-Remote-Info.plist";
				INFOPLIST_KEY_LSApplicationCategoryType = "public.app-category.utilities";
				INFOPLIST_KEY_NSHumanReadableCopyright = "";
				LD_RUNPATH_SEARCH_PATHS = (
					"$(inherited)",
					"@executable_path/../Frameworks",
				);
				MARKETING_VERSION = 1.0;
				PRODUCT_BUNDLE_IDENTIFIER = com.jaydenirwin.controllerremote;
				PRODUCT_NAME = "$(TARGET_NAME)";
				SWIFT_EMIT_LOC_STRINGS = YES;
				SWIFT_VERSION = 5.0;
			};
			name = Debug;
		};
		1BE90F772917688B007543EB /* Release */ = {
			isa = XCBuildConfiguration;
			buildSettings = {
				ASSETCATALOG_COMPILER_APPICON_NAME = AppIcon;
				ASSETCATALOG_COMPILER_GLOBAL_ACCENT_COLOR_NAME = AccentColor;
				CODE_SIGN_ENTITLEMENTS = "Controller Remote/Controller_Remote.entitlements";
				CODE_SIGN_STYLE = Automatic;
				COMBINE_HIDPI_IMAGES = YES;
				CURRENT_PROJECT_VERSION = 1;
				DEVELOPMENT_ASSET_PATHS = "\"Controller Remote/Preview Content\"";
				DEVELOPMENT_TEAM = VA3SY54YU8;
				ENABLE_HARDENED_RUNTIME = YES;
				ENABLE_PREVIEWS = YES;
				GENERATE_INFOPLIST_FILE = YES;
				INFOPLIST_FILE = "Controller-Remote-Info.plist";
				INFOPLIST_KEY_LSApplicationCategoryType = "public.app-category.utilities";
				INFOPLIST_KEY_NSHumanReadableCopyright = "";
				LD_RUNPATH_SEARCH_PATHS = (
					"$(inherited)",
					"@executable_path/../Frameworks",
				);
				MARKETING_VERSION = 1.0;
				PRODUCT_BUNDLE_IDENTIFIER = com.jaydenirwin.controllerremote;
				PRODUCT_NAME = "$(TARGET_NAME)";
				SWIFT_EMIT_LOC_STRINGS = YES;
				SWIFT_VERSION = 5.0;
			};
			name = Release;
		};
/* End XCBuildConfiguration section */

/* Begin XCConfigurationList section */
		1BE90F6129176889007543EB /* Build configuration list for PBXProject "Controller Remote" */ = {
			isa = XCConfigurationList;
			buildConfigurations = (
				1BE90F732917688B007543EB /* Debug */,
				1BE90F742917688B007543EB /* Release */,
			);
			defaultConfigurationIsVisible = 0;
			defaultConfigurationName = Release;
		};
		1BE90F752917688B007543EB /* Build configuration list for PBXNativeTarget "Controller Remote" */ = {
			isa = XCConfigurationList;
			buildConfigurations = (
				1BE90F762917688B007543EB /* Debug */,
				1BE90F772917688B007543EB /* Release */,
			);
			defaultConfigurationIsVisible = 0;
			defaultConfigurationName = Release;
		};
/* End XCConfigurationList section */
	};
	rootObject = 1BE90F5E29176889007543EB /* Project object */;
}
